
Microsoft Visual Studio Solution File, Format Version 12.00
# Visual Studio 15
VisualStudioVersion = 15.0.26430.16
MinimumVisualStudioVersion = 10.0.40219.1
Project("{FAE04EC0-301F-11D3-BF4B-00C04F79EFBC}") = "DeusExHackSender", "DeusExHackSender\DeusExHackSender.csproj", "{F9E4952E-69BE-4C84-805A-8461BA3697AF}"
EndProject
Project("{2150E333-8FDC-42A3-9474-1A3956D46DE8}") = "Solution Items", "Solution Items", "{F99A7765-F2E8-4E50-B742-BE9375B8975E}"
	ProjectSection(SolutionItems) = preProject
		.editorconfig = .editorconfig
	EndProjectSection
EndProject
Global
	GlobalSection(SolutionConfigurationPlatforms) = preSolution
		Debug|Any CPU = Debug|Any CPU
		Release|Any CPU = Release|Any CPU
	EndGlobalSection
	GlobalSection(ProjectConfigurationPlatforms) = postSolution
		{F9E4952E-69BE-4C84-805A-8461BA3697AF}.Debug|Any CPU.ActiveCfg = Debug|Any CPU
		{F9E4952E-69BE-4C84-805A-8461BA3697AF}.Debug|Any CPU.Build.0 = Debug|Any CPU
		{F9E4952E-69BE-4C84-805A-8461BA3697AF}.Release|Any CPU.ActiveCfg = Release|Any CPU
		{F9E4952E-69BE-4C84-805A-8461BA3697AF}.Release|Any CPU.Build.0 = Release|Any CPU
	EndGlobalSection
	GlobalSection(SolutionProperties) = preSolution
		HideSolutionNode = FALSE
	EndGlobalSection
EndGlobal
